
Microsoft Visual Studio Solution File, Format Version 12.00
# Visual Studio Version 16
VisualStudioVersion = 16.0.33130.400
MinimumVisualStudioVersion = 10.0.40219.1
Project("{FAE04EC0-301F-11D3-BF4B-00C04F79EFBC}") = "CommandPattern", "CommandPattern\CommandPattern.csproj", "{2D72A872-0F13-4012-A813-037C40A6AD5C}"
EndProject
Global
	GlobalSection(SolutionConfigurationPlatforms) = preSolution
		Debug|Any CPU = Debug|Any CPU
		Release|Any CPU = Release|Any CPU
	EndGlobalSection
	GlobalSection(ProjectConfigurationPlatforms) = postSolution
		{2D72A872-0F13-4012-A813-037C40A6AD5C}.Debug|Any CPU.ActiveCfg = Debug|Any CPU
		{2D72A872-0F13-4012-A813-037C40A6AD5C}.Debug|Any CPU.Build.0 = Debug|Any CPU
		{2D72A872-0F13-4012-A813-037C40A6AD5C}.Release|Any CPU.ActiveCfg = Release|Any CPU
		{2D72A872-0F13-4012-A813-037C40A6AD5C}.Release|Any CPU.Build.0 = Release|Any CPU
	EndGlobalSection
	GlobalSection(SolutionProperties) = preSolution
		HideSolutionNode = FALSE
	EndGlobalSection
	GlobalSection(ExtensibilityGlobals) = postSolution
		SolutionGuid = {808B97E5-C398-4F88-894A-C2E42640A163}
	EndGlobalSection
EndGlobal
