
Microsoft Visual Studio Solution File, Format Version 12.00
# Visual Studio Version 16
VisualStudioVersion = 16.0.32929.386
MinimumVisualStudioVersion = 10.0.40219.1
Project("{FAE04EC0-301F-11D3-BF4B-00C04F79EFBC}") = "Decorator", "Decorator\Decorator.csproj", "{AB7131DC-05FF-48F7-B0C8-3B6F95627917}"
EndProject
Global
	GlobalSection(SolutionConfigurationPlatforms) = preSolution
		Debug|Any CPU = Debug|Any CPU
		Release|Any CPU = Release|Any CPU
	EndGlobalSection
	GlobalSection(ProjectConfigurationPlatforms) = postSolution
		{AB7131DC-05FF-48F7-B0C8-3B6F95627917}.Debug|Any CPU.ActiveCfg = Debug|Any CPU
		{AB7131DC-05FF-48F7-B0C8-3B6F95627917}.Debug|Any CPU.Build.0 = Debug|Any CPU
		{AB7131DC-05FF-48F7-B0C8-3B6F95627917}.Release|Any CPU.ActiveCfg = Release|Any CPU
		{AB7131DC-05FF-48F7-B0C8-3B6F95627917}.Release|Any CPU.Build.0 = Release|Any CPU
	EndGlobalSection
	GlobalSection(SolutionProperties) = preSolution
		HideSolutionNode = FALSE
	EndGlobalSection
	GlobalSection(ExtensibilityGlobals) = postSolution
		SolutionGuid = {23F662AC-E1D0-4838-B8E4-4D26F4AE5D63}
	EndGlobalSection
EndGlobal
