
Microsoft Visual Studio Solution File, Format Version 12.00
# Visual Studio Version 16
VisualStudioVersion = 16.0.32602.291
MinimumVisualStudioVersion = 10.0.40219.1
Project("{9A19103F-16F7-4668-BE54-9A1E7A4F7556}") = "Ch1", "Ch1.csproj", "{02669288-FACE-4189-895A-F8A31D081601}"
EndProject
Global
	GlobalSection(SolutionConfigurationPlatforms) = preSolution
		Debug|Any CPU = Debug|Any CPU
		Release|Any CPU = Release|Any CPU
	EndGlobalSection
	GlobalSection(ProjectConfigurationPlatforms) = postSolution
		{02669288-FACE-4189-895A-F8A31D081601}.Debug|Any CPU.ActiveCfg = Debug|Any CPU
		{02669288-FACE-4189-895A-F8A31D081601}.Debug|Any CPU.Build.0 = Debug|Any CPU
		{02669288-FACE-4189-895A-F8A31D081601}.Release|Any CPU.ActiveCfg = Release|Any CPU
		{02669288-FACE-4189-895A-F8A31D081601}.Release|Any CPU.Build.0 = Release|Any CPU
	EndGlobalSection
	GlobalSection(SolutionProperties) = preSolution
		HideSolutionNode = FALSE
	EndGlobalSection
	GlobalSection(ExtensibilityGlobals) = postSolution
		SolutionGuid = {42F26B9C-EB13-47D4-B635-E9A90575C798}
	EndGlobalSection
EndGlobal
